{
  "nodes": {
    "compiler": {
      "inputs": {
        "nixpkgs": "nixpkgs"
      },
      "locked": {
        "lastModified": 1779918516,
        "narHash": "sha256-tYPyQRIBsT1Wr+s6ks+RSyTi96r4LyDoUCwB4Jc13a4=",
        "owner": "mazunki",
        "repo": "compiler",
        "rev": "4b61f516371013da3a7e0f37d9b5ccace75295fb",
        "type": "github"
      },
      "original": {
        "owner": "mazunki",
        "repo": "compiler",
        "type": "github"
      }
    },
    "nixpkgs": {
      "locked": {
        "lastModified": 1748026580,
        "narHash": "sha256-rWtXrcIzU5wm/C8F9LWvUfBGu5U5E7cFzPYT1pHIJaQ=",
        "owner": "NixOS",
        "repo": "nixpkgs",
        "rev": "11cb3517b3af6af300dd6c055aeda73c9bf52c48",
        "type": "github"
      },
      "original": {
        "owner": "NixOS",
        "ref": "25.05",
        "repo": "nixpkgs",
        "type": "github"
      }
    },
    "nixpkgs_2": {
      "locked": {
        "lastModified": 1748026580,
        "narHash": "sha256-rWtXrcIzU5wm/C8F9LWvUfBGu5U5E7cFzPYT1pHIJaQ=",
        "owner": "NixOS",
        "repo": "nixpkgs",
        "rev": "11cb3517b3af6af300dd6c055aeda73c9bf52c48",
        "type": "github"
      },
      "original": {
        "owner": "NixOS",
        "ref": "25.05",
        "repo": "nixpkgs",
        "type": "github"
      }
    },
    "root": {
      "inputs": {
        "compiler": "compiler",
        "nixpkgs": "nixpkgs_2"
      }
    }
  },
  "root": "root",
  "version": 7
}
